{
  "name": "buttered-toast",
  "version": "1.0.0",
  "lockfileVersion": 1,
  "requires": true,
  "dependencies": {
    "prettier": {
      "version": "3.0.1",
      "resolved": "https://registry.npmjs.org/prettier/-/prettier-3.0.1.tgz",
      "integrity": "sha512-fcOWSnnpCrovBsmFZIGIy9UqK2FaI7Hqax+DIO0A9UxeVoY4iweyaFjS5TavZN97Hfehph0nhsZnjlVKzEQSrQ==",
      "dev": true
    }
  }
}
